// !$*UTF8*$!
{
	archiveVersion = 1;
	classes = {
	};
	objectVersion = 56;
	objects = {

/* Begin PBXBuildFile section */
		E17AE1002B2AABAD00D0B5C5 /* AppDelegate.swift in Sources */ = {isa = PBXBuildFile; fileRef = E17AE0FF2B2AABAD00D0B5C5 /* AppDelegate.swift */; };
		E17AE1022B2AABAD00D0B5C5 /* GameScene.sks in Resources */ = {isa = PBXBuildFile; fileRef = E17AE1012B2AABAD00D0B5C5 /* GameScene.sks */; };
		E17AE1062B2AABAD00D0B5C5 /* GameScene.swift in Sources */ = {isa = PBXBuildFile; fileRef = E17AE1052B2AABAD00D0B5C5 /* GameScene.swift */; };
		E17AE1082B2AABAD00D0B5C5 /* GameViewController.swift in Sources */ = {isa = PBXBuildFile; fileRef = E17AE1072B2AABAD00D0B5C5 /* GameViewController.swift */; };
		E17AE10B2B2AABAD00D0B5C5 /* Main.storyboard in Resources */ = {isa = PBXBuildFile; fileRef = E17AE1092B2AABAD00D0B5C5 /* Main.storyboard */; };
		E17AE10D2B2AABAF00D0B5C5 /* Assets.xcassets in Resources */ = {isa = PBXBuildFile; fileRef = E17AE10C2B2AABAF00D0B5C5 /* Assets.xcassets */; };
		E17AE1102B2AABAF00D0B5C5 /* LaunchScreen.storyboard in Resources */ = {isa = PBXBuildFile; fileRef = E17AE10E2B2AABAF00D0B5C5 /* LaunchScreen.storyboard */; };
		E17AE1182B2AABDD00D0B5C5 /* whack.caf in Resources */ = {isa = PBXBuildFile; fileRef = E17AE1162B2AABDD00D0B5C5 /* whack.caf */; };
		E17AE1192B2AABDD00D0B5C5 /* whackBad.caf in Resources */ = {isa = PBXBuildFile; fileRef = E17AE1172B2AABDD00D0B5C5 /* whackBad.caf */; };
		E17AE11B2B2ADBF800D0B5C5 /* WhackSlot.swift in Sources */ = {isa = PBXBuildFile; fileRef = E17AE11A2B2ADBF800D0B5C5 /* WhackSlot.swift */; };
/* End PBXBuildFile section */

/* Begin PBXFileReference section */
		E17AE0FC2B2AABAD00D0B5C5 /* WhackAPenguin.app */ = {isa = PBXFileReference; explicitFileType = wrapper.application; includeInIndex = 0; path = WhackAPenguin.app; sourceTree = BUILT_PRODUCTS_DIR; };
		E17AE0FF2B2AABAD00D0B5C5 /* AppDelegate.swift */ = {isa = PBXFileReference; lastKnownFileType = sourcecode.swift; path = AppDelegate.swift; sourceTree = "<group>"; };
		E17AE1012B2AABAD00D0B5C5 /* GameScene.sks */ = {isa = PBXFileReference; lastKnownFileType = file.sks; path = GameScene.sks; sourceTree = "<group>"; };
		E17AE1052B2AABAD00D0B5C5 /* GameScene.swift */ = {isa = PBXFileReference; lastKnownFileType = sourcecode.swift; path = GameScene.swift; sourceTree = "<group>"; };
		E17AE1072B2AABAD00D0B5C5 /* GameViewController.swift */ = {isa = PBXFileReference; lastKnownFileType = sourcecode.swift; path = GameViewController.swift; sourceTree = "<group>"; };
		E17AE10A2B2AABAD00D0B5C5 /* Base */ = {isa = PBXFileReference; lastKnownFileType = file.storyboard; name = Base; path = Base.lproj/Main.storyboard; sourceTree = "<group>"; };
		E17AE10C2B2AABAF00D0B5C5 /* Assets.xcassets */ = {isa = PBXFileReference; lastKnownFileType = folder.assetcatalog; path = Assets.xcassets; sourceTree = "<group>"; };
		E17AE10F2B2AABAF00D0B5C5 /* Base */ = {isa = PBXFileReference; lastKnownFileType = file.storyboard; name = Base; path = Base.lproj/LaunchScreen.storyboard; sourceTree = "<group>"; };
		E17AE1162B2AABDD00D0B5C5 /* whack.caf */ = {isa = PBXFileReference; lastKnownFileType = file; path = whack.caf; sourceTree = "<group>"; };
		E17AE1172B2AABDD00D0B5C5 /* whackBad.caf */ = {isa = PBXFileReference; lastKnownFileType = file; path = whackBad.caf; sourceTree = "<group>"; };
		E17AE11A2B2ADBF800D0B5C5 /* WhackSlot.swift */ = {isa = PBXFileReference; lastKnownFileType = sourcecode.swift; path = WhackSlot.swift; sourceTree = "<group>"; };
/* End PBXFileReference section */

/* Begin PBXFrameworksBuildPhase section */
		E17AE0F92B2AABAD00D0B5C5 /* Frameworks */ = {
			isa = PBXFrameworksBuildPhase;
			buildActionMask = 2147483647;
			files = (
			);
			runOnlyForDeploymentPostprocessing = 0;
		};
/* End PBXFrameworksBuildPhase section */

/* Begin PBXGroup section */
		E17AE0F32B2AABAD00D0B5C5 = {
			isa = PBXGroup;
			children = (
				E17AE0FE2B2AABAD00D0B5C5 /* WhackAPenguin */,
				E17AE0FD2B2AABAD00D0B5C5 /* Products */,
			);
			sourceTree = "<group>";
		};
		E17AE0FD2B2AABAD00D0B5C5 /* Products */ = {
			isa = PBXGroup;
			children = (
				E17AE0FC2B2AABAD00D0B5C5 /* WhackAPenguin.app */,
			);
			name = Products;
			sourceTree = "<group>";
		};
		E17AE0FE2B2AABAD00D0B5C5 /* WhackAPenguin */ = {
			isa = PBXGroup;
			children = (
				E17AE0FF2B2AABAD00D0B5C5 /* AppDelegate.swift */,
				E17AE1012B2AABAD00D0B5C5 /* GameScene.sks */,
				E17AE1052B2AABAD00D0B5C5 /* GameScene.swift */,
				E17AE11A2B2ADBF800D0B5C5 /* WhackSlot.swift */,
				E17AE1072B2AABAD00D0B5C5 /* GameViewController.swift */,
				E17AE1092B2AABAD00D0B5C5 /* Main.storyboard */,
				E17AE10C2B2AABAF00D0B5C5 /* Assets.xcassets */,
				E17AE1162B2AABDD00D0B5C5 /* whack.caf */,
				E17AE1172B2AABDD00D0B5C5 /* whackBad.caf */,
				E17AE10E2B2AABAF00D0B5C5 /* LaunchScreen.storyboard */,
			);
			path = WhackAPenguin;
			sourceTree = "<group>";
		};
/* End PBXGroup section */

/* Begin PBXNativeTarget section */
		E17AE0FB2B2AABAD00D0B5C5 /* WhackAPenguin */ = {
			isa = PBXNativeTarget;
			buildConfigurationList = E17AE1132B2AABAF00D0B5C5 /* Build configuration list for PBXNativeTarget "WhackAPenguin" */;
			buildPhases = (
				E17AE0F82B2AABAD00D0B5C5 /* Sources */,
				E17AE0F92B2AABAD00D0B5C5 /* Frameworks */,
				E17AE0FA2B2AABAD00D0B5C5 /* Resources */,
			);
			buildRules = (
			);
			dependencies = (
			);
			name = WhackAPenguin;
			productName = WhackAPenguin;
			productReference = E17AE0FC2B2AABAD00D0B5C5 /* WhackAPenguin.app */;
			productType = "com.apple.product-type.application";
		};
/* End PBXNativeTarget section */

/* Begin PBXProject section */
		E17AE0F42B2AABAD00D0B5C5 /* Project object */ = {
			isa = PBXProject;
			attributes = {
				BuildIndependentTargetsInParallel = 1;
				LastSwiftUpdateCheck = 1500;
				LastUpgradeCheck = 1500;
				TargetAttributes = {
					E17AE0FB2B2AABAD00D0B5C5 = {
						CreatedOnToolsVersion = 15.0.1;
					};
				};
			};
			buildConfigurationList = E17AE0F72B2AABAD00D0B5C5 /* Build configuration list for PBXProject "WhackAPenguin" */;
			compatibilityVersion = "Xcode 14.0";
			developmentRegion = en;
			hasScannedForEncodings = 0;
			knownRegions = (
				en,
				Base,
			);
			mainGroup = E17AE0F32B2AABAD00D0B5C5;
			productRefGroup = E17AE0FD2B2AABAD00D0B5C5 /* Products */;
			projectDirPath = "";
			projectRoot = "";
			targets = (
				E17AE0FB2B2AABAD00D0B5C5 /* WhackAPenguin */,
			);
		};
/* End PBXProject section */

/* Begin PBXResourcesBuildPhase section */
		E17AE0FA2B2AABAD00D0B5C5 /* Resources */ = {
			isa = PBXResourcesBuildPhase;
			buildActionMask = 2147483647;
			files = (
				E17AE10B2B2AABAD00D0B5C5 /* Main.storyboard in Resources */,
				E17AE1022B2AABAD00D0B5C5 /* GameScene.sks in Resources */,
				E17AE10D2B2AABAF00D0B5C5 /* Assets.xcassets in Resources */,
				E17AE1102B2AABAF00D0B5C5 /* LaunchScreen.storyboard in Resources */,
				E17AE1182B2AABDD00D0B5C5 /* whack.caf in Resources */,
				E17AE1192B2AABDD00D0B5C5 /* whackBad.caf in Resources */,
			);
			runOnlyForDeploymentPostprocessing = 0;
		};
/* End PBXResourcesBuildPhase section */

/* Begin PBXSourcesBuildPhase section */
		E17AE0F82B2AABAD00D0B5C5 /* Sources */ = {
			isa = PBXSourcesBuildPhase;
			buildActionMask = 2147483647;
			files = (
				E17AE1062B2AABAD00D0B5C5 /* GameScene.swift in Sources */,
				E17AE1082B2AABAD00D0B5C5 /* GameViewController.swift in Sources */,
				E17AE11B2B2ADBF800D0B5C5 /* WhackSlot.swift in Sources */,
				E17AE1002B2AABAD00D0B5C5 /* AppDelegate.swift in Sources */,
			);
			runOnlyForDeploymentPostprocessing = 0;
		};
/* End PBXSourcesBuildPhase section */

/* Begin PBXVariantGroup section */
		E17AE1092B2AABAD00D0B5C5 /* Main.storyboard */ = {
			isa = PBXVariantGroup;
			children = (
				E17AE10A2B2AABAD00D0B5C5 /* Base */,
			);
			name = Main.storyboard;
			sourceTree = "<group>";
		};
		E17AE10E2B2AABAF00D0B5C5 /* LaunchScreen.storyboard */ = {
			isa = PBXVariantGroup;
			children = (
				E17AE10F2B2AABAF00D0B5C5 /* Base */,
			);
			name = LaunchScreen.storyboard;
			sourceTree = "<group>";
		};
/* End PBXVariantGroup section */

/* Begin XCBuildConfiguration section */
		E17AE1112B2AABAF00D0B5C5 /* Debug */ = {
			isa = XCBuildConfiguration;
			buildSettings = {
				ALWAYS_SEARCH_USER_PATHS = NO;
				ASSETCATALOG_COMPILER_GENERATE_SWIFT_ASSET_SYMBOL_EXTENSIONS = YES;
				CLANG_ANALYZER_NONNULL = YES;
				CLANG_ANALYZER_NUMBER_OBJECT_CONVERSION = YES_AGGRESSIVE;
				CLANG_CXX_LANGUAGE_STANDARD = "gnu++20";
				CLANG_ENABLE_MODULES = YES;
				CLANG_ENABLE_OBJC_ARC = YES;
				CLANG_ENABLE_OBJC_WEAK = YES;
				CLANG_WARN_BLOCK_CAPTURE_AUTORELEASING = YES;
				CLANG_WARN_BOOL_CONVERSION = YES;
				CLANG_WARN_COMMA = YES;
				CLANG_WARN_CONSTANT_CONVERSION = YES;
				CLANG_WARN_DEPRECATED_OBJC_IMPLEMENTATIONS = YES;
				CLANG_WARN_DIRECT_OBJC_ISA_USAGE = YES_ERROR;
				CLANG_WARN_DOCUMENTATION_COMMENTS = YES;
				CLANG_WARN_EMPTY_BODY = YES;
				CLANG_WARN_ENUM_CONVERSION = YES;
				CLANG_WARN_INFINITE_RECURSION = YES;
				CLANG_WARN_INT_CONVERSION = YES;
				CLANG_WARN_NON_LITERAL_NULL_CONVERSION = YES;
				CLANG_WARN_OBJC_IMPLICIT_RETAIN_SELF = YES;
				CLANG_WARN_OBJC_LITERAL_CONVERSION = YES;
				CLANG_WARN_OBJC_ROOT_CLASS = YES_ERROR;
				CLANG_WARN_QUOTED_INCLUDE_IN_FRAMEWORK_HEADER = YES;
				CLANG_WARN_RANGE_LOOP_ANALYSIS = YES;
				CLANG_WARN_STRICT_PROTOTYPES = YES;
				CLANG_WARN_SUSPICIOUS_MOVE = YES;
				CLANG_WARN_UNGUARDED_AVAILABILITY = YES_AGGRESSIVE;
				CLANG_WARN_UNREACHABLE_CODE = YES;
				CLANG_WARN__DUPLICATE_METHOD_MATCH = YES;
				COPY_PHASE_STRIP = NO;
				DEBUG_INFORMATION_FORMAT = dwarf;
				ENABLE_STRICT_OBJC_MSGSEND = YES;
				ENABLE_TESTABILITY = YES;
				ENABLE_USER_SCRIPT_SANDBOXING = YES;
				GCC_C_LANGUAGE_STANDARD = gnu17;
				GCC_DYNAMIC_NO_PIC = NO;
				GCC_NO_COMMON_BLOCKS = YES;
				GCC_OPTIMIZATION_LEVEL = 0;
				GCC_PREPROCESSOR_DEFINITIONS = (
					"DEBUG=1",
					"$(inherited)",
				);
				GCC_WARN_64_TO_32_BIT_CONVERSION = YES;
				GCC_WARN_ABOUT_RETURN_TYPE = YES_ERROR;
				GCC_WARN_UNDECLARED_SELECTOR = YES;
				GCC_WARN_UNINITIALIZED_AUTOS = YES_AGGRESSIVE;
				GCC_WARN_UNUSED_FUNCTION = YES;
				GCC_WARN_UNUSED_VARIABLE = YES;
				IPHONEOS_DEPLOYMENT_TARGET = 17.0;
				LOCALIZATION_PREFERS_STRING_CATALOGS = YES;
				MTL_ENABLE_DEBUG_INFO = INCLUDE_SOURCE;
				MTL_FAST_MATH = YES;
				ONLY_ACTIVE_ARCH = YES;
				SDKROOT = iphoneos;
				SWIFT_ACTIVE_COMPILATION_CONDITIONS = "DEBUG $(inherited)";
				SWIFT_OPTIMIZATION_LEVEL = "-Onone";
			};
			name = Debug;
		};
		E17AE1122B2AABAF00D0B5C5 /* Release */ = {
			isa = XCBuildConfiguration;
			buildSettings = {
				ALWAYS_SEARCH_USER_PATHS = NO;
				ASSETCATALOG_COMPILER_GENERATE_SWIFT_ASSET_SYMBOL_EXTENSIONS = YES;
				CLANG_ANALYZER_NONNULL = YES;
				CLANG_ANALYZER_NUMBER_OBJECT_CONVERSION = YES_AGGRESSIVE;
				CLANG_CXX_LANGUAGE_STANDARD = "gnu++20";
				CLANG_ENABLE_MODULES = YES;
				CLANG_ENABLE_OBJC_ARC = YES;
				CLANG_ENABLE_OBJC_WEAK = YES;
				CLANG_WARN_BLOCK_CAPTURE_AUTORELEASING = YES;
				CLANG_WARN_BOOL_CONVERSION = YES;
				CLANG_WARN_COMMA = YES;
				CLANG_WARN_CONSTANT_CONVERSION = YES;
				CLANG_WARN_DEPRECATED_OBJC_IMPLEMENTATIONS = YES;
				CLANG_WARN_DIRECT_OBJC_ISA_USAGE = YES_ERROR;
				CLANG_WARN_DOCUMENTATION_COMMENTS = YES;
				CLANG_WARN_EMPTY_BODY = YES;
				CLANG_WARN_ENUM_CONVERSION = YES;
				CLANG_WARN_INFINITE_RECURSION = YES;
				CLANG_WARN_INT_CONVERSION = YES;
				CLANG_WARN_NON_LITERAL_NULL_CONVERSION = YES;
				CLANG_WARN_OBJC_IMPLICIT_RETAIN_SELF = YES;
				CLANG_WARN_OBJC_LITERAL_CONVERSION = YES;
				CLANG_WARN_OBJC_ROOT_CLASS = YES_ERROR;
				CLANG_WARN_QUOTED_INCLUDE_IN_FRAMEWORK_HEADER = YES;
				CLANG_WARN_RANGE_LOOP_ANALYSIS = YES;
				CLANG_WARN_STRICT_PROTOTYPES = YES;
				CLANG_WARN_SUSPICIOUS_MOVE = YES;
				CLANG_WARN_UNGUARDED_AVAILABILITY = YES_AGGRESSIVE;
				CLANG_WARN_UNREACHABLE_CODE = YES;
				CLANG_WARN__DUPLICATE_METHOD_MATCH = YES;
				COPY_PHASE_STRIP = NO;
				DEBUG_INFORMATION_FORMAT = "dwarf-with-dsym";
				ENABLE_NS_ASSERTIONS = NO;
				ENABLE_STRICT_OBJC_MSGSEND = YES;
				ENABLE_USER_SCRIPT_SANDBOXING = YES;
				GCC_C_LANGUAGE_STANDARD = gnu17;
				GCC_NO_COMMON_BLOCKS = YES;
				GCC_WARN_64_TO_32_BIT_CONVERSION = YES;
				GCC_WARN_ABOUT_RETURN_TYPE = YES_ERROR;
				GCC_WARN_UNDECLARED_SELECTOR = YES;
				GCC_WARN_UNINITIALIZED_AUTOS = YES_AGGRESSIVE;
				GCC_WARN_UNUSED_FUNCTION = YES;
				GCC_WARN_UNUSED_VARIABLE = YES;
				IPHONEOS_DEPLOYMENT_TARGET = 17.0;
				LOCALIZATION_PREFERS_STRING_CATALOGS = YES;
				MTL_ENABLE_DEBUG_INFO = NO;
				MTL_FAST_MATH = YES;
				SDKROOT = iphoneos;
				SWIFT_COMPILATION_MODE = wholemodule;
				VALIDATE_PRODUCT = YES;
			};
			name = Release;
		};
		E17AE1142B2AABAF00D0B5C5 /* Debug */ = {
			isa = XCBuildConfiguration;
			buildSettings = {
				ASSETCATALOG_COMPILER_APPICON_NAME = AppIcon;
				ASSETCATALOG_COMPILER_GLOBAL_ACCENT_COLOR_NAME = AccentColor;
				CODE_SIGN_STYLE = Automatic;
				CURRENT_PROJECT_VERSION = 1;
				GENERATE_INFOPLIST_FILE = YES;
				INFOPLIST_KEY_UIApplicationSupportsIndirectInputEvents = YES;
				INFOPLIST_KEY_UILaunchStoryboardName = LaunchScreen;
				INFOPLIST_KEY_UIMainStoryboardFile = Main;
				INFOPLIST_KEY_UIStatusBarHidden = YES;
				INFOPLIST_KEY_UISupportedInterfaceOrientations = "UIInterfaceOrientationLandscapeLeft UIInterfaceOrientationLandscapeRight UIInterfaceOrientationPortrait";
				INFOPLIST_KEY_UISupportedInterfaceOrientations_iPad = "UIInterfaceOrientationLandscapeLeft UIInterfaceOrientationLandscapeRight";
				LD_RUNPATH_SEARCH_PATHS = (
					"$(inherited)",
					"@executable_path/Frameworks",
				);
				MARKETING_VERSION = 1.0;
				PRODUCT_BUNDLE_IDENTIFIER = leaf2301.WhackAPenguin;
				PRODUCT_NAME = "$(TARGET_NAME)";
				SUPPORTED_PLATFORMS = "iphoneos iphonesimulator";
				SUPPORTS_MACCATALYST = NO;
				SUPPORTS_MAC_DESIGNED_FOR_IPHONE_IPAD = NO;
				SWIFT_EMIT_LOC_STRINGS = YES;
				SWIFT_VERSION = 5.0;
				TARGETED_DEVICE_FAMILY = 2;
			};
			name = Debug;
		};
		E17AE1152B2AABAF00D0B5C5 /* Release */ = {
			isa = XCBuildConfiguration;
			buildSettings = {
				ASSETCATALOG_COMPILER_APPICON_NAME = AppIcon;
				ASSETCATALOG_COMPILER_GLOBAL_ACCENT_COLOR_NAME = AccentColor;
				CODE_SIGN_STYLE = Automatic;
				CURRENT_PROJECT_VERSION = 1;
				GENERATE_INFOPLIST_FILE = YES;
				INFOPLIST_KEY_UIApplicationSupportsIndirectInputEvents = YES;
				INFOPLIST_KEY_UILaunchStoryboardName = LaunchScreen;
				INFOPLIST_KEY_UIMainStoryboardFile = Main;
				INFOPLIST_KEY_UIStatusBarHidden = YES;
				INFOPLIST_KEY_UISupportedInterfaceOrientations = "UIInterfaceOrientationLandscapeLeft UIInterfaceOrientationLandscapeRight UIInterfaceOrientationPortrait";
				INFOPLIST_KEY_UISupportedInterfaceOrientations_iPad = "UIInterfaceOrientationLandscapeLeft UIInterfaceOrientationLandscapeRight";
				LD_RUNPATH_SEARCH_PATHS = (
					"$(inherited)",
					"@executable_path/Frameworks",
				);
				MARKETING_VERSION = 1.0;
				PRODUCT_BUNDLE_IDENTIFIER = leaf2301.WhackAPenguin;
				PRODUCT_NAME = "$(TARGET_NAME)";
				SUPPORTED_PLATFORMS = "iphoneos iphonesimulator";
				SUPPORTS_MACCATALYST = NO;
				SUPPORTS_MAC_DESIGNED_FOR_IPHONE_IPAD = NO;
				SWIFT_EMIT_LOC_STRINGS = YES;
				SWIFT_VERSION = 5.0;
				TARGETED_DEVICE_FAMILY = 2;
			};
			name = Release;
		};
/* End XCBuildConfiguration section */

/* Begin XCConfigurationList section */
		E17AE0F72B2AABAD00D0B5C5 /* Build configuration list for PBXProject "WhackAPenguin" */ = {
			isa = XCConfigurationList;
			buildConfigurations = (
				E17AE1112B2AABAF00D0B5C5 /* Debug */,
				E17AE1122B2AABAF00D0B5C5 /* Release */,
			);
			defaultConfigurationIsVisible = 0;
			defaultConfigurationName = Release;
		};
		E17AE1132B2AABAF00D0B5C5 /* Build configuration list for PBXNativeTarget "WhackAPenguin" */ = {
			isa = XCConfigurationList;
			buildConfigurations = (
				E17AE1142B2AABAF00D0B5C5 /* Debug */,
				E17AE1152B2AABAF00D0B5C5 /* Release */,
			);
			defaultConfigurationIsVisible = 0;
			defaultConfigurationName = Release;
		};
/* End XCConfigurationList section */
	};
	rootObject = E17AE0F42B2AABAD00D0B5C5 /* Project object */;
}
